
Microsoft Visual Studio Solution File, Format Version 12.00
# Visual Studio 14
VisualStudioVersion = 14.0.23107.0
MinimumVisualStudioVersion = 10.0.40219.1
Project("{2150E333-8FDC-42A3-9474-1A3956D46DE8}") = "Website", "Website", "{6D5B45A6-3FB5-4266-9D8C-73650266E81B}"
EndProject
Project("{2150E333-8FDC-42A3-9474-1A3956D46DE8}") = "Devices", "Devices", "{440C7879-79E0-4C6F-8292-FEAD69B8F18B}"
EndProject
Project("{2150E333-8FDC-42A3-9474-1A3956D46DE8}") = "Utilities", "Utilities", "{E7D6CB9A-5F8E-4E34-BF7A-BD76AC4EDA03}"
EndProject
Project("{8BB2217D-0F2D-49D1-97BC-3654ED321F3B}") = "IAT.Web", "IAT.Web\IAT.Web.xproj", "{036FE9D4-908A-4116-94B2-445B4BFA4E10}"
EndProject
Global
	GlobalSection(SolutionConfigurationPlatforms) = preSolution
		Debug|Any CPU = Debug|Any CPU
		Release|Any CPU = Release|Any CPU
	EndGlobalSection
	GlobalSection(ProjectConfigurationPlatforms) = postSolution
		{036FE9D4-908A-4116-94B2-445B4BFA4E10}.Debug|Any CPU.ActiveCfg = Debug|Any CPU
		{036FE9D4-908A-4116-94B2-445B4BFA4E10}.Debug|Any CPU.Build.0 = Debug|Any CPU
		{036FE9D4-908A-4116-94B2-445B4BFA4E10}.Release|Any CPU.ActiveCfg = Release|Any CPU
		{036FE9D4-908A-4116-94B2-445B4BFA4E10}.Release|Any CPU.Build.0 = Release|Any CPU
	EndGlobalSection
	GlobalSection(SolutionProperties) = preSolution
		HideSolutionNode = FALSE
	EndGlobalSection
	GlobalSection(NestedProjects) = preSolution
		{036FE9D4-908A-4116-94B2-445B4BFA4E10} = {6D5B45A6-3FB5-4266-9D8C-73650266E81B}
	EndGlobalSection
EndGlobal
